// !$*UTF8*$!
{
	archiveVersion = 1;
	classes = {
	};
	objectVersion = 46;
	objects = {

/* Begin PBXBuildFile section */
		C75AF6D21B7A4B0700D8A93E /* james-dabbs.jpg in Resources */ = {isa = PBXBuildFile; fileRef = C75AF6D11B7A4B0700D8A93E /* james-dabbs.jpg */; };
		C75AF6D41B7A4B1E00D8A93E /* kyle-hill.jpg in Resources */ = {isa = PBXBuildFile; fileRef = C75AF6D31B7A4B1E00D8A93E /* kyle-hill.jpg */; };
		C75AF6D61B7A4B2B00D8A93E /* su-kim.jpg in Resources */ = {isa = PBXBuildFile; fileRef = C75AF6D51B7A4B2B00D8A93E /* su-kim.jpg */; };
		C75AF6D81B7A4B3500D8A93E /* tom-crawford.jpg in Resources */ = {isa = PBXBuildFile; fileRef = C75AF6D71B7A4B3500D8A93E /* tom-crawford.jpg */; };
		C75AF6DA1B7A72E200D8A93E /* StaffViewController.swift in Sources */ = {isa = PBXBuildFile; fileRef = C75AF6D91B7A72E200D8A93E /* StaffViewController.swift */; };
		C75AF6DC1B7CECA900D8A93E /* AudioToolbox.framework in Frameworks */ = {isa = PBXBuildFile; fileRef = C75AF6DB1B7CECA900D8A93E /* AudioToolbox.framework */; };
		C75AF6DE1B7CECB800D8A93E /* CFNetwork.framework in Frameworks */ = {isa = PBXBuildFile; fileRef = C75AF6DD1B7CECB800D8A93E /* CFNetwork.framework */; };
		C75AF6E01B7CECC100D8A93E /* CoreGraphics.framework in Frameworks */ = {isa = PBXBuildFile; fileRef = C75AF6DF1B7CECC100D8A93E /* CoreGraphics.framework */; };
		C75AF6E21B7CECCB00D8A93E /* QuartzCore.framework in Frameworks */ = {isa = PBXBuildFile; fileRef = C75AF6E11B7CECCB00D8A93E /* QuartzCore.framework */; };
		C75AF6E41B7CECD400D8A93E /* Security.framework in Frameworks */ = {isa = PBXBuildFile; fileRef = C75AF6E31B7CECD400D8A93E /* Security.framework */; };
		C75AF6E61B7CECDB00D8A93E /* StoreKit.framework in Frameworks */ = {isa = PBXBuildFile; fileRef = C75AF6E51B7CECDB00D8A93E /* StoreKit.framework */; };
		C75AF6E81B7CECE600D8A93E /* SystemConfiguration.framework in Frameworks */ = {isa = PBXBuildFile; fileRef = C75AF6E71B7CECE600D8A93E /* SystemConfiguration.framework */; };
		C75AF6EA1B7CECF000D8A93E /* libz.dylib in Frameworks */ = {isa = PBXBuildFile; fileRef = C75AF6E91B7CECF000D8A93E /* libz.dylib */; };
		C75AF6EC1B7CECFA00D8A93E /* libsqlite3.dylib in Frameworks */ = {isa = PBXBuildFile; fileRef = C75AF6EB1B7CECFA00D8A93E /* libsqlite3.dylib */; };
		C75AF6EE1B7CED0900D8A93E /* Accounts.framework in Frameworks */ = {isa = PBXBuildFile; fileRef = C75AF6ED1B7CED0900D8A93E /* Accounts.framework */; };
		C75AF6F01B7CED0F00D8A93E /* Social.framework in Frameworks */ = {isa = PBXBuildFile; fileRef = C75AF6EF1B7CED0F00D8A93E /* Social.framework */; };
		C75AF6F41B7CF19B00D8A93E /* Bolts.framework in Frameworks */ = {isa = PBXBuildFile; fileRef = C75AF6F21B7CF19B00D8A93E /* Bolts.framework */; };
		C75AF6F51B7CF19B00D8A93E /* Parse.framework in Frameworks */ = {isa = PBXBuildFile; fileRef = C75AF6F31B7CF19B00D8A93E /* Parse.framework */; };
		C75AF6F71B7CF5F900D8A93E /* ParseUI.framework in Frameworks */ = {isa = PBXBuildFile; fileRef = C75AF6F61B7CF5F900D8A93E /* ParseUI.framework */; };
		C75AF6F91B7D17DA00D8A93E /* RollCallViewController.swift in Sources */ = {isa = PBXBuildFile; fileRef = C75AF6F81B7D17DA00D8A93E /* RollCallViewController.swift */; };
		C75AF6FB1B8221A700D8A93E /* BorderedRoundedButton.swift in Sources */ = {isa = PBXBuildFile; fileRef = C75AF6FA1B8221A700D8A93E /* BorderedRoundedButton.swift */; };
		C75AF6FD1B82288800D8A93E /* BorderedRounderImageView.swift in Sources */ = {isa = PBXBuildFile; fileRef = C75AF6FC1B82288800D8A93E /* BorderedRounderImageView.swift */; };
		C75AF7041B823B5500D8A93E /* BlueBackground4.png in Resources */ = {isa = PBXBuildFile; fileRef = C75AF6FF1B823B5500D8A93E /* BlueBackground4.png */; };
		C75AF7061B823B5500D8A93E /* blueGradient2.png in Resources */ = {isa = PBXBuildFile; fileRef = C75AF7011B823B5500D8A93E /* blueGradient2.png */; };
		C75AF7071B823B5500D8A93E /* BlueBackground1.png in Resources */ = {isa = PBXBuildFile; fileRef = C75AF7021B823B5500D8A93E /* BlueBackground1.png */; };
		C75AF70D1B82401B00D8A93E /* BrownBackground5.png in Resources */ = {isa = PBXBuildFile; fileRef = C75AF7081B82401B00D8A93E /* BrownBackground5.png */; };
		C75AF70E1B82401B00D8A93E /* BrownBackground4.png in Resources */ = {isa = PBXBuildFile; fileRef = C75AF7091B82401B00D8A93E /* BrownBackground4.png */; };
		C75AF70F1B82401B00D8A93E /* BrownBackground3.png in Resources */ = {isa = PBXBuildFile; fileRef = C75AF70A1B82401B00D8A93E /* BrownBackground3.png */; };
		C75AF7101B82401B00D8A93E /* BrownBackground2.png in Resources */ = {isa = PBXBuildFile; fileRef = C75AF70B1B82401B00D8A93E /* BrownBackground2.png */; };
		C75AF7111B82401B00D8A93E /* BrownBackground1.png in Resources */ = {isa = PBXBuildFile; fileRef = C75AF70C1B82401B00D8A93E /* BrownBackground1.png */; };
		C75AF7181B82464800D8A93E /* RedBackground3.png in Resources */ = {isa = PBXBuildFile; fileRef = C75AF7131B82464800D8A93E /* RedBackground3.png */; };
		C75AF7191B82464800D8A93E /* RedBackground2.png in Resources */ = {isa = PBXBuildFile; fileRef = C75AF7141B82464800D8A93E /* RedBackground2.png */; };
		C75AF71B1B82464800D8A93E /* RedBackground1.png in Resources */ = {isa = PBXBuildFile; fileRef = C75AF7161B82464800D8A93E /* RedBackground1.png */; };
		C75AF7211B824A5C00D8A93E /* GreenBackground5.png in Resources */ = {isa = PBXBuildFile; fileRef = C75AF71C1B824A5C00D8A93E /* GreenBackground5.png */; };
		C75AF7221B824A5C00D8A93E /* GreenBackground4.png in Resources */ = {isa = PBXBuildFile; fileRef = C75AF71D1B824A5C00D8A93E /* GreenBackground4.png */; };
		C75AF7231B824A5C00D8A93E /* GreenBackground3.png in Resources */ = {isa = PBXBuildFile; fileRef = C75AF71E1B824A5C00D8A93E /* GreenBackground3.png */; };
		C75AF7241B824A5C00D8A93E /* GreenBackground2.png in Resources */ = {isa = PBXBuildFile; fileRef = C75AF71F1B824A5C00D8A93E /* GreenBackground2.png */; };
		C75AF7251B824A5C00D8A93E /* GreenBackground1.png in Resources */ = {isa = PBXBuildFile; fileRef = C75AF7201B824A5C00D8A93E /* GreenBackground1.png */; };
		C75AF72A1B825E1D00D8A93E /* GreyBackground4.png in Resources */ = {isa = PBXBuildFile; fileRef = C75AF7261B825E1D00D8A93E /* GreyBackground4.png */; };
		C75AF72C1B825E1D00D8A93E /* GreyBackground2.png in Resources */ = {isa = PBXBuildFile; fileRef = C75AF7281B825E1D00D8A93E /* GreyBackground2.png */; };
		C77DF55D1B73BBAC00414698 /* AppDelegate.swift in Sources */ = {isa = PBXBuildFile; fileRef = C77DF55C1B73BBAC00414698 /* AppDelegate.swift */; };
		C77DF5621B73BBAC00414698 /* Main.storyboard in Resources */ = {isa = PBXBuildFile; fileRef = C77DF5601B73BBAC00414698 /* Main.storyboard */; };
		C77DF5641B73BBAC00414698 /* Images.xcassets in Resources */ = {isa = PBXBuildFile; fileRef = C77DF5631B73BBAC00414698 /* Images.xcassets */; };
		C77DF5671B73BBAC00414698 /* LaunchScreen.xib in Resources */ = {isa = PBXBuildFile; fileRef = C77DF5651B73BBAC00414698 /* LaunchScreen.xib */; };
		C77DF5731B73BBAC00414698 /* SwiftBeaconExTrialTests.swift in Sources */ = {isa = PBXBuildFile; fileRef = C77DF5721B73BBAC00414698 /* SwiftBeaconExTrialTests.swift */; };
		C77DF57D1B73BC6300414698 /* CoreLocation.framework in Frameworks */ = {isa = PBXBuildFile; fileRef = C77DF57C1B73BC6300414698 /* CoreLocation.framework */; };
		C77DF5841B752A9700414698 /* ViewController.swift in Sources */ = {isa = PBXBuildFile; fileRef = C77DF5831B752A9700414698 /* ViewController.swift */; };
		C7EAD53E1B78C02900833E5C /* the-iron-yard.png in Resources */ = {isa = PBXBuildFile; fileRef = C7EAD5381B78C02900833E5C /* the-iron-yard.png */; };
		C7EAD53F1B78C02900833E5C /* theironyard.png in Resources */ = {isa = PBXBuildFile; fileRef = C7EAD5391B78C02900833E5C /* theironyard.png */; };
		C7EAD5401B78C02900833E5C /* rails-engineering-logo.png in Resources */ = {isa = PBXBuildFile; fileRef = C7EAD53A1B78C02900833E5C /* rails-engineering-logo.png */; };
		C7EAD5411B78C02900833E5C /* tiy-logo.png in Resources */ = {isa = PBXBuildFile; fileRef = C7EAD53B1B78C02900833E5C /* tiy-logo.png */; };
		C7EAD5421B78C02900833E5C /* mobile-engineering-icon.png in Resources */ = {isa = PBXBuildFile; fileRef = C7EAD53C1B78C02900833E5C /* mobile-engineering-icon.png */; };
		C7EAD5431B78C02900833E5C /* front-end-engineering-icon.png in Resources */ = {isa = PBXBuildFile; fileRef = C7EAD53D1B78C02900833E5C /* front-end-engineering-icon.png */; };
		C7EAD5451B79051000833E5C /* DetailViewController.swift in Sources */ = {isa = PBXBuildFile; fileRef = C7EAD5441B79051000833E5C /* DetailViewController.swift */; };
		C7EAD5471B79224D00833E5C /* BioViewController.swift in Sources */ = {isa = PBXBuildFile; fileRef = C7EAD5461B79224D00833E5C /* BioViewController.swift */; };
		C7EAD5491B792EA700833E5C /* Course.swift in Sources */ = {isa = PBXBuildFile; fileRef = C7EAD5481B792EA700833E5C /* Course.swift */; };
/* End PBXBuildFile section */

/* Begin PBXContainerItemProxy section */
		C77DF56D1B73BBAC00414698 /* PBXContainerItemProxy */ = {
			isa = PBXContainerItemProxy;
			containerPortal = C77DF54F1B73BBAC00414698 /* Project object */;
			proxyType = 1;
			remoteGlobalIDString = C77DF5561B73BBAC00414698;
			remoteInfo = SwiftBeaconExTrial;
		};
/* End PBXContainerItemProxy section */

/* Begin PBXFileReference section */
		C75AF6D11B7A4B0700D8A93E /* james-dabbs.jpg */ = {isa = PBXFileReference; lastKnownFileType = image.jpeg; path = "james-dabbs.jpg"; sourceTree = "<group>"; };
		C75AF6D31B7A4B1E00D8A93E /* kyle-hill.jpg */ = {isa = PBXFileReference; lastKnownFileType = image.jpeg; path = "kyle-hill.jpg"; sourceTree = "<group>"; };
		C75AF6D51B7A4B2B00D8A93E /* su-kim.jpg */ = {isa = PBXFileReference; lastKnownFileType = image.jpeg; path = "su-kim.jpg"; sourceTree = "<group>"; };
		C75AF6D71B7A4B3500D8A93E /* tom-crawford.jpg */ = {isa = PBXFileReference; lastKnownFileType = image.jpeg; path = "tom-crawford.jpg"; sourceTree = "<group>"; };
		C75AF6D91B7A72E200D8A93E /* StaffViewController.swift */ = {isa = PBXFileReference; fileEncoding = 4; lastKnownFileType = sourcecode.swift; path = StaffViewController.swift; sourceTree = "<group>"; };
		C75AF6DB1B7CECA900D8A93E /* AudioToolbox.framework */ = {isa = PBXFileReference; lastKnownFileType = wrapper.framework; name = AudioToolbox.framework; path = System/Library/Frameworks/AudioToolbox.framework; sourceTree = SDKROOT; };
		C75AF6DD1B7CECB800D8A93E /* CFNetwork.framework */ = {isa = PBXFileReference; lastKnownFileType = wrapper.framework; name = CFNetwork.framework; path = System/Library/Frameworks/CFNetwork.framework; sourceTree = SDKROOT; };
		C75AF6DF1B7CECC100D8A93E /* CoreGraphics.framework */ = {isa = PBXFileReference; lastKnownFileType = wrapper.framework; name = CoreGraphics.framework; path = System/Library/Frameworks/CoreGraphics.framework; sourceTree = SDKROOT; };
		C75AF6E11B7CECCB00D8A93E /* QuartzCore.framework */ = {isa = PBXFileReference; lastKnownFileType = wrapper.framework; name = QuartzCore.framework; path = System/Library/Frameworks/QuartzCore.framework; sourceTree = SDKROOT; };
		C75AF6E31B7CECD400D8A93E /* Security.framework */ = {isa = PBXFileReference; lastKnownFileType = wrapper.framework; name = Security.framework; path = System/Library/Frameworks/Security.framework; sourceTree = SDKROOT; };
		C75AF6E51B7CECDB00D8A93E /* StoreKit.framework */ = {isa = PBXFileReference; lastKnownFileType = wrapper.framework; name = StoreKit.framework; path = System/Library/Frameworks/StoreKit.framework; sourceTree = SDKROOT; };
		C75AF6E71B7CECE600D8A93E /* SystemConfiguration.framework */ = {isa = PBXFileReference; lastKnownFileType = wrapper.framework; name = SystemConfiguration.framework; path = System/Library/Frameworks/SystemConfiguration.framework; sourceTree = SDKROOT; };
		C75AF6E91B7CECF000D8A93E /* libz.dylib */ = {isa = PBXFileReference; lastKnownFileType = "compiled.mach-o.dylib"; name = libz.dylib; path = usr/lib/libz.dylib; sourceTree = SDKROOT; };
		C75AF6EB1B7CECFA00D8A93E /* libsqlite3.dylib */ = {isa = PBXFileReference; lastKnownFileType = "compiled.mach-o.dylib"; name = libsqlite3.dylib; path = usr/lib/libsqlite3.dylib; sourceTree = SDKROOT; };
		C75AF6ED1B7CED0900D8A93E /* Accounts.framework */ = {isa = PBXFileReference; lastKnownFileType = wrapper.framework; name = Accounts.framework; path = System/Library/Frameworks/Accounts.framework; sourceTree = SDKROOT; };
		C75AF6EF1B7CED0F00D8A93E /* Social.framework */ = {isa = PBXFileReference; lastKnownFileType = wrapper.framework; name = Social.framework; path = System/Library/Frameworks/Social.framework; sourceTree = SDKROOT; };
		C75AF6F21B7CF19B00D8A93E /* Bolts.framework */ = {isa = PBXFileReference; lastKnownFileType = wrapper.framework; name = Bolts.framework; path = "parse-library-1/Bolts.framework"; sourceTree = "<group>"; };
		C75AF6F31B7CF19B00D8A93E /* Parse.framework */ = {isa = PBXFileReference; lastKnownFileType = wrapper.framework; name = Parse.framework; path = "parse-library-1/Parse.framework"; sourceTree = "<group>"; };
		C75AF6F61B7CF5F900D8A93E /* ParseUI.framework */ = {isa = PBXFileReference; lastKnownFileType = wrapper.framework; name = ParseUI.framework; path = "parse-library-1/ParseUI.framework"; sourceTree = "<group>"; };
		C75AF6F81B7D17DA00D8A93E /* RollCallViewController.swift */ = {isa = PBXFileReference; fileEncoding = 4; lastKnownFileType = sourcecode.swift; path = RollCallViewController.swift; sourceTree = "<group>"; };
		C75AF6FA1B8221A700D8A93E /* BorderedRoundedButton.swift */ = {isa = PBXFileReference; fileEncoding = 4; lastKnownFileType = sourcecode.swift; path = BorderedRoundedButton.swift; sourceTree = "<group>"; };
		C75AF6FC1B82288800D8A93E /* BorderedRounderImageView.swift */ = {isa = PBXFileReference; fileEncoding = 4; lastKnownFileType = sourcecode.swift; name = BorderedRounderImageView.swift; path = ../BorderedRounderImageView.swift; sourceTree = "<group>"; };
		C75AF6FF1B823B5500D8A93E /* BlueBackground4.png */ = {isa = PBXFileReference; lastKnownFileType = image.png; path = BlueBackground4.png; sourceTree = "<group>"; };
		C75AF7011B823B5500D8A93E /* blueGradient2.png */ = {isa = PBXFileReference; lastKnownFileType = image.png; path = blueGradient2.png; sourceTree = "<group>"; };
		C75AF7021B823B5500D8A93E /* BlueBackground1.png */ = {isa = PBXFileReference; lastKnownFileType = image.png; path = BlueBackground1.png; sourceTree = "<group>"; };
		C75AF7081B82401B00D8A93E /* BrownBackground5.png */ = {isa = PBXFileReference; lastKnownFileType = image.png; path = BrownBackground5.png; sourceTree = "<group>"; };
		C75AF7091B82401B00D8A93E /* BrownBackground4.png */ = {isa = PBXFileReference; lastKnownFileType = image.png; path = BrownBackground4.png; sourceTree = "<group>"; };
		C75AF70A1B82401B00D8A93E /* BrownBackground3.png */ = {isa = PBXFileReference; lastKnownFileType = image.png; path = BrownBackground3.png; sourceTree = "<group>"; };
		C75AF70B1B82401B00D8A93E /* BrownBackground2.png */ = {isa = PBXFileReference; lastKnownFileType = image.png; path = BrownBackground2.png; sourceTree = "<group>"; };
		C75AF70C1B82401B00D8A93E /* BrownBackground1.png */ = {isa = PBXFileReference; lastKnownFileType = image.png; path = BrownBackground1.png; sourceTree = "<group>"; };
		C75AF7131B82464800D8A93E /* RedBackground3.png */ = {isa = PBXFileReference; lastKnownFileType = image.png; path = RedBackground3.png; sourceTree = "<group>"; };
		C75AF7141B82464800D8A93E /* RedBackground2.png */ = {isa = PBXFileReference; lastKnownFileType = image.png; path = RedBackground2.png; sourceTree = "<group>"; };
		C75AF7161B82464800D8A93E /* RedBackground1.png */ = {isa = PBXFileReference; lastKnownFileType = image.png; path = RedBackground1.png; sourceTree = "<group>"; };
		C75AF71C1B824A5C00D8A93E /* GreenBackground5.png */ = {isa = PBXFileReference; lastKnownFileType = image.png; path = GreenBackground5.png; sourceTree = "<group>"; };
		C75AF71D1B824A5C00D8A93E /* GreenBackground4.png */ = {isa = PBXFileReference; lastKnownFileType = image.png; path = GreenBackground4.png; sourceTree = "<group>"; };
		C75AF71E1B824A5C00D8A93E /* GreenBackground3.png */ = {isa = PBXFileReference; lastKnownFileType = image.png; path = GreenBackground3.png; sourceTree = "<group>"; };
		C75AF71F1B824A5C00D8A93E /* GreenBackground2.png */ = {isa = PBXFileReference; lastKnownFileType = image.png; path = GreenBackground2.png; sourceTree = "<group>"; };
		C75AF7201B824A5C00D8A93E /* GreenBackground1.png */ = {isa = PBXFileReference; lastKnownFileType = image.png; path = GreenBackground1.png; sourceTree = "<group>"; };
		C75AF7261B825E1D00D8A93E /* GreyBackground4.png */ = {isa = PBXFileReference; lastKnownFileType = image.png; path = GreyBackground4.png; sourceTree = "<group>"; };
		C75AF7281B825E1D00D8A93E /* GreyBackground2.png */ = {isa = PBXFileReference; lastKnownFileType = image.png; path = GreyBackground2.png; sourceTree = "<group>"; };
		C77DF5571B73BBAC00414698 /* SwiftBeaconExTrial.app */ = {isa = PBXFileReference; explicitFileType = wrapper.application; includeInIndex = 0; path = SwiftBeaconExTrial.app; sourceTree = BUILT_PRODUCTS_DIR; };
		C77DF55B1B73BBAC00414698 /* Info.plist */ = {isa = PBXFileReference; lastKnownFileType = text.plist.xml; path = Info.plist; sourceTree = "<group>"; };
		C77DF55C1B73BBAC00414698 /* AppDelegate.swift */ = {isa = PBXFileReference; lastKnownFileType = sourcecode.swift; path = AppDelegate.swift; sourceTree = "<group>"; };
		C77DF5611B73BBAC00414698 /* Base */ = {isa = PBXFileReference; lastKnownFileType = file.storyboard; name = Base; path = Base.lproj/Main.storyboard; sourceTree = "<group>"; };
		C77DF5631B73BBAC00414698 /* Images.xcassets */ = {isa = PBXFileReference; lastKnownFileType = folder.assetcatalog; path = Images.xcassets; sourceTree = "<group>"; };
		C77DF5661B73BBAC00414698 /* Base */ = {isa = PBXFileReference; lastKnownFileType = file.xib; name = Base; path = Base.lproj/LaunchScreen.xib; sourceTree = "<group>"; };
		C77DF56C1B73BBAC00414698 /* SwiftBeaconExTrialTests.xctest */ = {isa = PBXFileReference; explicitFileType = wrapper.cfbundle; includeInIndex = 0; path = SwiftBeaconExTrialTests.xctest; sourceTree = BUILT_PRODUCTS_DIR; };
		C77DF5711B73BBAC00414698 /* Info.plist */ = {isa = PBXFileReference; lastKnownFileType = text.plist.xml; path = Info.plist; sourceTree = "<group>"; };
		C77DF5721B73BBAC00414698 /* SwiftBeaconExTrialTests.swift */ = {isa = PBXFileReference; lastKnownFileType = sourcecode.swift; path = SwiftBeaconExTrialTests.swift; sourceTree = "<group>"; };
		C77DF57C1B73BC6300414698 /* CoreLocation.framework */ = {isa = PBXFileReference; lastKnownFileType = wrapper.framework; name = CoreLocation.framework; path = System/Library/Frameworks/CoreLocation.framework; sourceTree = SDKROOT; };
		C77DF5831B752A9700414698 /* ViewController.swift */ = {isa = PBXFileReference; fileEncoding = 4; lastKnownFileType = sourcecode.swift; path = ViewController.swift; sourceTree = "<group>"; };
		C7EAD5381B78C02900833E5C /* the-iron-yard.png */ = {isa = PBXFileReference; lastKnownFileType = image.png; path = "the-iron-yard.png"; sourceTree = "<group>"; };
		C7EAD5391B78C02900833E5C /* theironyard.png */ = {isa = PBXFileReference; lastKnownFileType = image.png; path = theironyard.png; sourceTree = "<group>"; };
		C7EAD53A1B78C02900833E5C /* rails-engineering-logo.png */ = {isa = PBXFileReference; lastKnownFileType = image.png; path = "rails-engineering-logo.png"; sourceTree = "<group>"; };
		C7EAD53B1B78C02900833E5C /* tiy-logo.png */ = {isa = PBXFileReference; lastKnownFileType = image.png; path = "tiy-logo.png"; sourceTree = "<group>"; };
		C7EAD53C1B78C02900833E5C /* mobile-engineering-icon.png */ = {isa = PBXFileReference; lastKnownFileType = image.png; path = "mobile-engineering-icon.png"; sourceTree = "<group>"; };
		C7EAD53D1B78C02900833E5C /* front-end-engineering-icon.png */ = {isa = PBXFileReference; lastKnownFileType = image.png; path = "front-end-engineering-icon.png"; sourceTree = "<group>"; };
		C7EAD5441B79051000833E5C /* DetailViewController.swift */ = {isa = PBXFileReference; fileEncoding = 4; lastKnownFileType = sourcecode.swift; path = DetailViewController.swift; sourceTree = "<group>"; };
		C7EAD5461B79224D00833E5C /* BioViewController.swift */ = {isa = PBXFileReference; fileEncoding = 4; lastKnownFileType = sourcecode.swift; path = BioViewController.swift; sourceTree = "<group>"; };
		C7EAD5481B792EA700833E5C /* Course.swift */ = {isa = PBXFileReference; fileEncoding = 4; lastKnownFileType = sourcecode.swift; path = Course.swift; sourceTree = "<group>"; };
/* End PBXFileReference section */

/* Begin PBXFrameworksBuildPhase section */
		C77DF5541B73BBAC00414698 /* Frameworks */ = {
			isa = PBXFrameworksBuildPhase;
			buildActionMask = 2147483647;
			files = (
				C75AF6F01B7CED0F00D8A93E /* Social.framework in Frameworks */,
				C75AF6EE1B7CED0900D8A93E /* Accounts.framework in Frameworks */,
				C75AF6EC1B7CECFA00D8A93E /* libsqlite3.dylib in Frameworks */,
				C75AF6EA1B7CECF000D8A93E /* libz.dylib in Frameworks */,
				C75AF6E81B7CECE600D8A93E /* SystemConfiguration.framework in Frameworks */,
				C75AF6E61B7CECDB00D8A93E /* StoreKit.framework in Frameworks */,
				C75AF6E41B7CECD400D8A93E /* Security.framework in Frameworks */,
				C75AF6F41B7CF19B00D8A93E /* Bolts.framework in Frameworks */,
				C75AF6E21B7CECCB00D8A93E /* QuartzCore.framework in Frameworks */,
				C75AF6E01B7CECC100D8A93E /* CoreGraphics.framework in Frameworks */,
				C75AF6F51B7CF19B00D8A93E /* Parse.framework in Frameworks */,
				C75AF6DE1B7CECB800D8A93E /* CFNetwork.framework in Frameworks */,
				C75AF6F71B7CF5F900D8A93E /* ParseUI.framework in Frameworks */,
				C75AF6DC1B7CECA900D8A93E /* AudioToolbox.framework in Frameworks */,
				C77DF57D1B73BC6300414698 /* CoreLocation.framework in Frameworks */,
			);
			runOnlyForDeploymentPostprocessing = 0;
		};
		C77DF5691B73BBAC00414698 /* Frameworks */ = {
			isa = PBXFrameworksBuildPhase;
			buildActionMask = 2147483647;
			files = (
			);
			runOnlyForDeploymentPostprocessing = 0;
		};
/* End PBXFrameworksBuildPhase section */

/* Begin PBXGroup section */
		C75AF6D01B7A4AE500D8A93E /* Images */ = {
			isa = PBXGroup;
			children = (
				C75AF7261B825E1D00D8A93E /* GreyBackground4.png */,
				C75AF7281B825E1D00D8A93E /* GreyBackground2.png */,
				C75AF71C1B824A5C00D8A93E /* GreenBackground5.png */,
				C75AF71D1B824A5C00D8A93E /* GreenBackground4.png */,
				C75AF71E1B824A5C00D8A93E /* GreenBackground3.png */,
				C75AF71F1B824A5C00D8A93E /* GreenBackground2.png */,
				C75AF7201B824A5C00D8A93E /* GreenBackground1.png */,
				C75AF7131B82464800D8A93E /* RedBackground3.png */,
				C75AF7141B82464800D8A93E /* RedBackground2.png */,
				C75AF7161B82464800D8A93E /* RedBackground1.png */,
				C75AF6FF1B823B5500D8A93E /* BlueBackground4.png */,
				C75AF7011B823B5500D8A93E /* blueGradient2.png */,
				C75AF7081B82401B00D8A93E /* BrownBackground5.png */,
				C75AF7091B82401B00D8A93E /* BrownBackground4.png */,
				C75AF70A1B82401B00D8A93E /* BrownBackground3.png */,
				C75AF70B1B82401B00D8A93E /* BrownBackground2.png */,
				C75AF70C1B82401B00D8A93E /* BrownBackground1.png */,
				C75AF7021B823B5500D8A93E /* BlueBackground1.png */,
				C75AF6D71B7A4B3500D8A93E /* tom-crawford.jpg */,
				C75AF6D51B7A4B2B00D8A93E /* su-kim.jpg */,
				C75AF6D31B7A4B1E00D8A93E /* kyle-hill.jpg */,
				C75AF6D11B7A4B0700D8A93E /* james-dabbs.jpg */,
				C7EAD5381B78C02900833E5C /* the-iron-yard.png */,
				C7EAD5391B78C02900833E5C /* theironyard.png */,
				C7EAD53A1B78C02900833E5C /* rails-engineering-logo.png */,
				C7EAD53B1B78C02900833E5C /* tiy-logo.png */,
				C7EAD53C1B78C02900833E5C /* mobile-engineering-icon.png */,
				C7EAD53D1B78C02900833E5C /* front-end-engineering-icon.png */,
			);
			name = Images;
			sourceTree = "<group>";
		};
		C75AF6F11B7CEDFE00D8A93E /* Frameworks */ = {
			isa = PBXGroup;
			children = (
				C75AF6F61B7CF5F900D8A93E /* ParseUI.framework */,
				C75AF6F21B7CF19B00D8A93E /* Bolts.framework */,
				C75AF6F31B7CF19B00D8A93E /* Parse.framework */,
				C75AF6EF1B7CED0F00D8A93E /* Social.framework */,
				C75AF6ED1B7CED0900D8A93E /* Accounts.framework */,
				C75AF6EB1B7CECFA00D8A93E /* libsqlite3.dylib */,
				C75AF6E91B7CECF000D8A93E /* libz.dylib */,
				C75AF6E71B7CECE600D8A93E /* SystemConfiguration.framework */,
				C75AF6E51B7CECDB00D8A93E /* StoreKit.framework */,
				C75AF6E31B7CECD400D8A93E /* Security.framework */,
				C75AF6E11B7CECCB00D8A93E /* QuartzCore.framework */,
				C75AF6DF1B7CECC100D8A93E /* CoreGraphics.framework */,
				C75AF6DD1B7CECB800D8A93E /* CFNetwork.framework */,
				C75AF6DB1B7CECA900D8A93E /* AudioToolbox.framework */,
				C77DF57C1B73BC6300414698 /* CoreLocation.framework */,
			);
			name = Frameworks;
			sourceTree = "<group>";
		};
		C77DF54E1B73BBAC00414698 = {
			isa = PBXGroup;
			children = (
				C77DF5591B73BBAC00414698 /* SwiftBeaconExTrial */,
				C77DF56F1B73BBAC00414698 /* SwiftBeaconExTrialTests */,
				C77DF5581B73BBAC00414698 /* Products */,
				C75AF6F11B7CEDFE00D8A93E /* Frameworks */,
			);
			sourceTree = "<group>";
		};
		C77DF5581B73BBAC00414698 /* Products */ = {
			isa = PBXGroup;
			children = (
				C77DF5571B73BBAC00414698 /* SwiftBeaconExTrial.app */,
				C77DF56C1B73BBAC00414698 /* SwiftBeaconExTrialTests.xctest */,
			);
			name = Products;
			sourceTree = "<group>";
		};
		C77DF5591B73BBAC00414698 /* SwiftBeaconExTrial */ = {
			isa = PBXGroup;
			children = (
				C77DF55C1B73BBAC00414698 /* AppDelegate.swift */,
				C77DF5831B752A9700414698 /* ViewController.swift */,
				C7EAD5441B79051000833E5C /* DetailViewController.swift */,
				C7EAD5461B79224D00833E5C /* BioViewController.swift */,
				C75AF6D91B7A72E200D8A93E /* StaffViewController.swift */,
				C75AF6F81B7D17DA00D8A93E /* RollCallViewController.swift */,
				C7EAD5481B792EA700833E5C /* Course.swift */,
				C77DF5601B73BBAC00414698 /* Main.storyboard */,
				C75AF6FA1B8221A700D8A93E /* BorderedRoundedButton.swift */,
				C75AF6FC1B82288800D8A93E /* BorderedRounderImageView.swift */,
				C77DF5631B73BBAC00414698 /* Images.xcassets */,
				C77DF5651B73BBAC00414698 /* LaunchScreen.xib */,
				C75AF6D01B7A4AE500D8A93E /* Images */,
				C77DF55A1B73BBAC00414698 /* Supporting Files */,
			);
			path = SwiftBeaconExTrial;
			sourceTree = "<group>";
		};
		C77DF55A1B73BBAC00414698 /* Supporting Files */ = {
			isa = PBXGroup;
			children = (
				C77DF55B1B73BBAC00414698 /* Info.plist */,
			);
			name = "Supporting Files";
			sourceTree = "<group>";
		};
		C77DF56F1B73BBAC00414698 /* SwiftBeaconExTrialTests */ = {
			isa = PBXGroup;
			children = (
				C77DF5721B73BBAC00414698 /* SwiftBeaconExTrialTests.swift */,
				C77DF5701B73BBAC00414698 /* Supporting Files */,
			);
			path = SwiftBeaconExTrialTests;
			sourceTree = "<group>";
		};
		C77DF5701B73BBAC00414698 /* Supporting Files */ = {
			isa = PBXGroup;
			children = (
				C77DF5711B73BBAC00414698 /* Info.plist */,
			);
			name = "Supporting Files";
			sourceTree = "<group>";
		};
/* End PBXGroup section */

/* Begin PBXNativeTarget section */
		C77DF5561B73BBAC00414698 /* SwiftBeaconExTrial */ = {
			isa = PBXNativeTarget;
			buildConfigurationList = C77DF5761B73BBAC00414698 /* Build configuration list for PBXNativeTarget "SwiftBeaconExTrial" */;
			buildPhases = (
				C77DF5531B73BBAC00414698 /* Sources */,
				C77DF5541B73BBAC00414698 /* Frameworks */,
				C77DF5551B73BBAC00414698 /* Resources */,
			);
			buildRules = (
			);
			dependencies = (
			);
			name = SwiftBeaconExTrial;
			productName = SwiftBeaconExTrial;
			productReference = C77DF5571B73BBAC00414698 /* SwiftBeaconExTrial.app */;
			productType = "com.apple.product-type.application";
		};
		C77DF56B1B73BBAC00414698 /* SwiftBeaconExTrialTests */ = {
			isa = PBXNativeTarget;
			buildConfigurationList = C77DF5791B73BBAC00414698 /* Build configuration list for PBXNativeTarget "SwiftBeaconExTrialTests" */;
			buildPhases = (
				C77DF5681B73BBAC00414698 /* Sources */,
				C77DF5691B73BBAC00414698 /* Frameworks */,
				C77DF56A1B73BBAC00414698 /* Resources */,
			);
			buildRules = (
			);
			dependencies = (
				C77DF56E1B73BBAC00414698 /* PBXTargetDependency */,
			);
			name = SwiftBeaconExTrialTests;
			productName = SwiftBeaconExTrialTests;
			productReference = C77DF56C1B73BBAC00414698 /* SwiftBeaconExTrialTests.xctest */;
			productType = "com.apple.product-type.bundle.unit-test";
		};
/* End PBXNativeTarget section */

/* Begin PBXProject section */
		C77DF54F1B73BBAC00414698 /* Project object */ = {
			isa = PBXProject;
			attributes = {
				LastSwiftMigration = 0720;
				LastSwiftUpdateCheck = 0720;
				LastUpgradeCheck = 0720;
				ORGANIZATIONNAME = EverProductions;
				TargetAttributes = {
					C77DF5561B73BBAC00414698 = {
						CreatedOnToolsVersion = 6.4;
						SystemCapabilities = {
							com.apple.BackgroundModes = {
								enabled = 1;
							};
						};
					};
					C77DF56B1B73BBAC00414698 = {
						CreatedOnToolsVersion = 6.4;
						TestTargetID = C77DF5561B73BBAC00414698;
					};
				};
			};
			buildConfigurationList = C77DF5521B73BBAC00414698 /* Build configuration list for PBXProject "SwiftBeaconExTrial" */;
			compatibilityVersion = "Xcode 3.2";
			developmentRegion = English;
			hasScannedForEncodings = 0;
			knownRegions = (
				en,
				Base,
			);
			mainGroup = C77DF54E1B73BBAC00414698;
			productRefGroup = C77DF5581B73BBAC00414698 /* Products */;
			projectDirPath = "";
			projectRoot = "";
			targets = (
				C77DF5561B73BBAC00414698 /* SwiftBeaconExTrial */,
				C77DF56B1B73BBAC00414698 /* SwiftBeaconExTrialTests */,
			);
		};
/* End PBXProject section */

/* Begin PBXResourcesBuildPhase section */
		C77DF5551B73BBAC00414698 /* Resources */ = {
			isa = PBXResourcesBuildPhase;
			buildActionMask = 2147483647;
			files = (
				C75AF6D81B7A4B3500D8A93E /* tom-crawford.jpg in Resources */,
				C77DF5621B73BBAC00414698 /* Main.storyboard in Resources */,
				C75AF7251B824A5C00D8A93E /* GreenBackground1.png in Resources */,
				C7EAD53F1B78C02900833E5C /* theironyard.png in Resources */,
				C75AF7071B823B5500D8A93E /* BlueBackground1.png in Resources */,
				C75AF6D41B7A4B1E00D8A93E /* kyle-hill.jpg in Resources */,
				C75AF6D61B7A4B2B00D8A93E /* su-kim.jpg in Resources */,
				C77DF5671B73BBAC00414698 /* LaunchScreen.xib in Resources */,
				C75AF7231B824A5C00D8A93E /* GreenBackground3.png in Resources */,
				C75AF72A1B825E1D00D8A93E /* GreyBackground4.png in Resources */,
				C75AF7181B82464800D8A93E /* RedBackground3.png in Resources */,
				C75AF6D21B7A4B0700D8A93E /* james-dabbs.jpg in Resources */,
				C77DF5641B73BBAC00414698 /* Images.xcassets in Resources */,
				C75AF7111B82401B00D8A93E /* BrownBackground1.png in Resources */,
				C75AF72C1B825E1D00D8A93E /* GreyBackground2.png in Resources */,
				C75AF70E1B82401B00D8A93E /* BrownBackground4.png in Resources */,
				C7EAD5421B78C02900833E5C /* mobile-engineering-icon.png in Resources */,
				C7EAD5431B78C02900833E5C /* front-end-engineering-icon.png in Resources */,
				C75AF7061B823B5500D8A93E /* blueGradient2.png in Resources */,
				C7EAD5401B78C02900833E5C /* rails-engineering-logo.png in Resources */,
				C7EAD5411B78C02900833E5C /* tiy-logo.png in Resources */,
				C75AF7241B824A5C00D8A93E /* GreenBackground2.png in Resources */,
				C75AF71B1B82464800D8A93E /* RedBackground1.png in Resources */,
				C75AF7191B82464800D8A93E /* RedBackground2.png in Resources */,
				C7EAD53E1B78C02900833E5C /* the-iron-yard.png in Resources */,
				C75AF7221B824A5C00D8A93E /* GreenBackground4.png in Resources */,
				C75AF70F1B82401B00D8A93E /* BrownBackground3.png in Resources */,
				C75AF7101B82401B00D8A93E /* BrownBackground2.png in Resources */,
				C75AF7211B824A5C00D8A93E /* GreenBackground5.png in Resources */,
				C75AF70D1B82401B00D8A93E /* BrownBackground5.png in Resources */,
				C75AF7041B823B5500D8A93E /* BlueBackground4.png in Resources */,
			);
			runOnlyForDeploymentPostprocessing = 0;
		};
		C77DF56A1B73BBAC00414698 /* Resources */ = {
			isa = PBXResourcesBuildPhase;
			buildActionMask = 2147483647;
			files = (
			);
			runOnlyForDeploymentPostprocessing = 0;
		};
/* End PBXResourcesBuildPhase section */

/* Begin PBXSourcesBuildPhase section */
		C77DF5531B73BBAC00414698 /* Sources */ = {
			isa = PBXSourcesBuildPhase;
			buildActionMask = 2147483647;
			files = (
				C7EAD5451B79051000833E5C /* DetailViewController.swift in Sources */,
				C75AF6FD1B82288800D8A93E /* BorderedRounderImageView.swift in Sources */,
				C75AF6DA1B7A72E200D8A93E /* StaffViewController.swift in Sources */,
				C75AF6F91B7D17DA00D8A93E /* RollCallViewController.swift in Sources */,
				C77DF5841B752A9700414698 /* ViewController.swift in Sources */,
				C7EAD5491B792EA700833E5C /* Course.swift in Sources */,
				C77DF55D1B73BBAC00414698 /* AppDelegate.swift in Sources */,
				C7EAD5471B79224D00833E5C /* BioViewController.swift in Sources */,
				C75AF6FB1B8221A700D8A93E /* BorderedRoundedButton.swift in Sources */,
			);
			runOnlyForDeploymentPostprocessing = 0;
		};
		C77DF5681B73BBAC00414698 /* Sources */ = {
			isa = PBXSourcesBuildPhase;
			buildActionMask = 2147483647;
			files = (
				C77DF5731B73BBAC00414698 /* SwiftBeaconExTrialTests.swift in Sources */,
			);
			runOnlyForDeploymentPostprocessing = 0;
		};
/* End PBXSourcesBuildPhase section */

/* Begin PBXTargetDependency section */
		C77DF56E1B73BBAC00414698 /* PBXTargetDependency */ = {
			isa = PBXTargetDependency;
			target = C77DF5561B73BBAC00414698 /* SwiftBeaconExTrial */;
			targetProxy = C77DF56D1B73BBAC00414698 /* PBXContainerItemProxy */;
		};
/* End PBXTargetDependency section */

/* Begin PBXVariantGroup section */
		C77DF5601B73BBAC00414698 /* Main.storyboard */ = {
			isa = PBXVariantGroup;
			children = (
				C77DF5611B73BBAC00414698 /* Base */,
			);
			name = Main.storyboard;
			sourceTree = "<group>";
		};
		C77DF5651B73BBAC00414698 /* LaunchScreen.xib */ = {
			isa = PBXVariantGroup;
			children = (
				C77DF5661B73BBAC00414698 /* Base */,
			);
			name = LaunchScreen.xib;
			sourceTree = "<group>";
		};
/* End PBXVariantGroup section */

/* Begin XCBuildConfiguration section */
		C77DF5741B73BBAC00414698 /* Debug */ = {
			isa = XCBuildConfiguration;
			buildSettings = {
				ALWAYS_SEARCH_USER_PATHS = NO;
				CLANG_CXX_LANGUAGE_STANDARD = "gnu++0x";
				CLANG_CXX_LIBRARY = "libc++";
				CLANG_ENABLE_MODULES = YES;
				CLANG_ENABLE_OBJC_ARC = YES;
				CLANG_WARN_BOOL_CONVERSION = YES;
				CLANG_WARN_CONSTANT_CONVERSION = YES;
				CLANG_WARN_DIRECT_OBJC_ISA_USAGE = YES_ERROR;
				CLANG_WARN_EMPTY_BODY = YES;
				CLANG_WARN_ENUM_CONVERSION = YES;
				CLANG_WARN_INT_CONVERSION = YES;
				CLANG_WARN_OBJC_ROOT_CLASS = YES_ERROR;
				CLANG_WARN_UNREACHABLE_CODE = YES;
				CLANG_WARN__DUPLICATE_METHOD_MATCH = YES;
				"CODE_SIGN_IDENTITY[sdk=iphoneos*]" = "iPhone Developer";
				COPY_PHASE_STRIP = NO;
				DEBUG_INFORMATION_FORMAT = "dwarf-with-dsym";
				ENABLE_BITCODE = NO;
				ENABLE_STRICT_OBJC_MSGSEND = YES;
				ENABLE_TESTABILITY = YES;
				GCC_C_LANGUAGE_STANDARD = gnu99;
				GCC_DYNAMIC_NO_PIC = NO;
				GCC_NO_COMMON_BLOCKS = YES;
				GCC_OPTIMIZATION_LEVEL = 0;
				GCC_PREPROCESSOR_DEFINITIONS = (
					"DEBUG=1",
					"$(inherited)",
				);
				GCC_SYMBOLS_PRIVATE_EXTERN = NO;
				GCC_WARN_64_TO_32_BIT_CONVERSION = YES;
				GCC_WARN_ABOUT_RETURN_TYPE = YES_ERROR;
				GCC_WARN_UNDECLARED_SELECTOR = YES;
				GCC_WARN_UNINITIALIZED_AUTOS = YES_AGGRESSIVE;
				GCC_WARN_UNUSED_FUNCTION = YES;
				GCC_WARN_UNUSED_VARIABLE = YES;
				IPHONEOS_DEPLOYMENT_TARGET = 8.4;
				MTL_ENABLE_DEBUG_INFO = YES;
				ONLY_ACTIVE_ARCH = YES;
				SDKROOT = iphoneos;
				SWIFT_OPTIMIZATION_LEVEL = "-Onone";
				TARGETED_DEVICE_FAMILY = "1,2";
			};
			name = Debug;
		};
		C77DF5751B73BBAC00414698 /* Release */ = {
			isa = XCBuildConfiguration;
			buildSettings = {
				ALWAYS_SEARCH_USER_PATHS = NO;
				CLANG_CXX_LANGUAGE_STANDARD = "gnu++0x";
				CLANG_CXX_LIBRARY = "libc++";
				CLANG_ENABLE_MODULES = YES;
				CLANG_ENABLE_OBJC_ARC = YES;
				CLANG_WARN_BOOL_CONVERSION = YES;
				CLANG_WARN_CONSTANT_CONVERSION = YES;
				CLANG_WARN_DIRECT_OBJC_ISA_USAGE = YES_ERROR;
				CLANG_WARN_EMPTY_BODY = YES;
				CLANG_WARN_ENUM_CONVERSION = YES;
				CLANG_WARN_INT_CONVERSION = YES;
				CLANG_WARN_OBJC_ROOT_CLASS = YES_ERROR;
				CLANG_WARN_UNREACHABLE_CODE = YES;
				CLANG_WARN__DUPLICATE_METHOD_MATCH = YES;
				"CODE_SIGN_IDENTITY[sdk=iphoneos*]" = "iPhone Developer";
				COPY_PHASE_STRIP = NO;
				DEBUG_INFORMATION_FORMAT = "dwarf-with-dsym";
				ENABLE_BITCODE = NO;
				ENABLE_NS_ASSERTIONS = NO;
				ENABLE_STRICT_OBJC_MSGSEND = YES;
				GCC_C_LANGUAGE_STANDARD = gnu99;
				GCC_NO_COMMON_BLOCKS = YES;
				GCC_WARN_64_TO_32_BIT_CONVERSION = YES;
				GCC_WARN_ABOUT_RETURN_TYPE = YES_ERROR;
				GCC_WARN_UNDECLARED_SELECTOR = YES;
				GCC_WARN_UNINITIALIZED_AUTOS = YES_AGGRESSIVE;
				GCC_WARN_UNUSED_FUNCTION = YES;
				GCC_WARN_UNUSED_VARIABLE = YES;
				IPHONEOS_DEPLOYMENT_TARGET = 8.4;
				MTL_ENABLE_DEBUG_INFO = NO;
				SDKROOT = iphoneos;
				TARGETED_DEVICE_FAMILY = "1,2";
				VALIDATE_PRODUCT = YES;
			};
			name = Release;
		};
		C77DF5771B73BBAC00414698 /* Debug */ = {
			isa = XCBuildConfiguration;
			buildSettings = {
				ASSETCATALOG_COMPILER_APPICON_NAME = AppIcon;
				FRAMEWORK_SEARCH_PATHS = (
					"$(inherited)",
					"$(PROJECT_DIR)/parse-library-1",
				);
				INFOPLIST_FILE = SwiftBeaconExTrial/Info.plist;
				IPHONEOS_DEPLOYMENT_TARGET = 8.2;
				LD_RUNPATH_SEARCH_PATHS = "$(inherited) @executable_path/Frameworks";
				PRODUCT_BUNDLE_IDENTIFIER = "com.EvP.$(PRODUCT_NAME:rfc1034identifier)";
				PRODUCT_NAME = "$(TARGET_NAME)";
			};
			name = Debug;
		};
		C77DF5781B73BBAC00414698 /* Release */ = {
			isa = XCBuildConfiguration;
			buildSettings = {
				ASSETCATALOG_COMPILER_APPICON_NAME = AppIcon;
				FRAMEWORK_SEARCH_PATHS = (
					"$(inherited)",
					"$(PROJECT_DIR)/parse-library-1",
				);
				INFOPLIST_FILE = SwiftBeaconExTrial/Info.plist;
				IPHONEOS_DEPLOYMENT_TARGET = 8.2;
				LD_RUNPATH_SEARCH_PATHS = "$(inherited) @executable_path/Frameworks";
				PRODUCT_BUNDLE_IDENTIFIER = "com.EvP.$(PRODUCT_NAME:rfc1034identifier)";
				PRODUCT_NAME = "$(TARGET_NAME)";
			};
			name = Release;
		};
		C77DF57A1B73BBAC00414698 /* Debug */ = {
			isa = XCBuildConfiguration;
			buildSettings = {
				BUNDLE_LOADER = "$(TEST_HOST)";
				FRAMEWORK_SEARCH_PATHS = (
					"$(SDKROOT)/Developer/Library/Frameworks",
					"$(inherited)",
				);
				GCC_PREPROCESSOR_DEFINITIONS = (
					"DEBUG=1",
					"$(inherited)",
				);
				INFOPLIST_FILE = SwiftBeaconExTrialTests/Info.plist;
				LD_RUNPATH_SEARCH_PATHS = "$(inherited) @executable_path/Frameworks @loader_path/Frameworks";
				PRODUCT_BUNDLE_IDENTIFIER = "com.EvP.$(PRODUCT_NAME:rfc1034identifier)";
				PRODUCT_NAME = "$(TARGET_NAME)";
				TEST_HOST = "$(BUILT_PRODUCTS_DIR)/SwiftBeaconExTrial.app/SwiftBeaconExTrial";
			};
			name = Debug;
		};
		C77DF57B1B73BBAC00414698 /* Release */ = {
			isa = XCBuildConfiguration;
			buildSettings = {
				BUNDLE_LOADER = "$(TEST_HOST)";
				FRAMEWORK_SEARCH_PATHS = (
					"$(SDKROOT)/Developer/Library/Frameworks",
					"$(inherited)",
				);
				INFOPLIST_FILE = SwiftBeaconExTrialTests/Info.plist;
				LD_RUNPATH_SEARCH_PATHS = "$(inherited) @executable_path/Frameworks @loader_path/Frameworks";
				PRODUCT_BUNDLE_IDENTIFIER = "com.EvP.$(PRODUCT_NAME:rfc1034identifier)";
				PRODUCT_NAME = "$(TARGET_NAME)";
				TEST_HOST = "$(BUILT_PRODUCTS_DIR)/SwiftBeaconExTrial.app/SwiftBeaconExTrial";
			};
			name = Release;
		};
/* End XCBuildConfiguration section */

/* Begin XCConfigurationList section */
		C77DF5521B73BBAC00414698 /* Build configuration list for PBXProject "SwiftBeaconExTrial" */ = {
			isa = XCConfigurationList;
			buildConfigurations = (
				C77DF5741B73BBAC00414698 /* Debug */,
				C77DF5751B73BBAC00414698 /* Release */,
			);
			defaultConfigurationIsVisible = 0;
			defaultConfigurationName = Release;
		};
		C77DF5761B73BBAC00414698 /* Build configuration list for PBXNativeTarget "SwiftBeaconExTrial" */ = {
			isa = XCConfigurationList;
			buildConfigurations = (
				C77DF5771B73BBAC00414698 /* Debug */,
				C77DF5781B73BBAC00414698 /* Release */,
			);
			defaultConfigurationIsVisible = 0;
			defaultConfigurationName = Release;
		};
		C77DF5791B73BBAC00414698 /* Build configuration list for PBXNativeTarget "SwiftBeaconExTrialTests" */ = {
			isa = XCConfigurationList;
			buildConfigurations = (
				C77DF57A1B73BBAC00414698 /* Debug */,
				C77DF57B1B73BBAC00414698 /* Release */,
			);
			defaultConfigurationIsVisible = 0;
			defaultConfigurationName = Release;
		};
/* End XCConfigurationList section */
	};
	rootObject = C77DF54F1B73BBAC00414698 /* Project object */;
}
